
Microsoft Visual Studio Solution File, Format Version 12.00
# Visual Studio 2012
Project("{F184B08F-C81C-45F6-A57F-5ABD9991F28F}") = "Vumetro", "Vumetro\Vumetro.vbproj", "{476FABD4-2EDB-44FD-80FF-C156D61ABFF2}"
EndProject
Project("{F184B08F-C81C-45F6-A57F-5ABD9991F28F}") = "Prueba", "Prueba\Prueba.vbproj", "{D213489C-FAB9-4714-8DAC-C31E9B9798DC}"
	ProjectSection(ProjectDependencies) = postProject
		{476FABD4-2EDB-44FD-80FF-C156D61ABFF2} = {476FABD4-2EDB-44FD-80FF-C156D61ABFF2}
	EndProjectSection
EndProject
Global
	GlobalSection(SolutionConfigurationPlatforms) = preSolution
		Debug|Any CPU = Debug|Any CPU
		Release|Any CPU = Release|Any CPU
	EndGlobalSection
	GlobalSection(ProjectConfigurationPlatforms) = postSolution
		{476FABD4-2EDB-44FD-80FF-C156D61ABFF2}.Debug|Any CPU.ActiveCfg = Debug|Any CPU
		{476FABD4-2EDB-44FD-80FF-C156D61ABFF2}.Debug|Any CPU.Build.0 = Debug|Any CPU
		{476FABD4-2EDB-44FD-80FF-C156D61ABFF2}.Release|Any CPU.ActiveCfg = Release|Any CPU
		{476FABD4-2EDB-44FD-80FF-C156D61ABFF2}.Release|Any CPU.Build.0 = Release|Any CPU
		{D213489C-FAB9-4714-8DAC-C31E9B9798DC}.Debug|Any CPU.ActiveCfg = Debug|Any CPU
		{D213489C-FAB9-4714-8DAC-C31E9B9798DC}.Debug|Any CPU.Build.0 = Debug|Any CPU
		{D213489C-FAB9-4714-8DAC-C31E9B9798DC}.Release|Any CPU.ActiveCfg = Release|Any CPU
		{D213489C-FAB9-4714-8DAC-C31E9B9798DC}.Release|Any CPU.Build.0 = Release|Any CPU
	EndGlobalSection
	GlobalSection(SolutionProperties) = preSolution
		HideSolutionNode = FALSE
	EndGlobalSection
EndGlobal
